
Microsoft Visual Studio Solution File, Format Version 12.00
# Visual Studio Version 17
VisualStudioVersion = 17.10.34916.146
MinimumVisualStudioVersion = 10.0.40219.1
Project("{FAE04EC0-301F-11D3-BF4B-00C04F79EFBC}") = "ForLoops", "ForLoops\ForLoops.csproj", "{7D6D8B77-D370-498F-82E9-934B1DB8274E}"
EndProject
Global
	GlobalSection(SolutionConfigurationPlatforms) = preSolution
		Debug|Any CPU = Debug|Any CPU
		Release|Any CPU = Release|Any CPU
	EndGlobalSection
	GlobalSection(ProjectConfigurationPlatforms) = postSolution
		{7D6D8B77-D370-498F-82E9-934B1DB8274E}.Debug|Any CPU.ActiveCfg = Debug|Any CPU
		{7D6D8B77-D370-498F-82E9-934B1DB8274E}.Debug|Any CPU.Build.0 = Debug|Any CPU
		{7D6D8B77-D370-498F-82E9-934B1DB8274E}.Release|Any CPU.ActiveCfg = Release|Any CPU
		{7D6D8B77-D370-498F-82E9-934B1DB8274E}.Release|Any CPU.Build.0 = Release|Any CPU
	EndGlobalSection
	GlobalSection(SolutionProperties) = preSolution
		HideSolutionNode = FALSE
	EndGlobalSection
	GlobalSection(ExtensibilityGlobals) = postSolution
		SolutionGuid = {68EDF6FA-2779-4B80-B287-73EA43381D6A}
	EndGlobalSection
EndGlobal
